
Microsoft Visual Studio Solution File, Format Version 12.00
# Visual Studio Version 16
VisualStudioVersion = 16.0.31313.79
MinimumVisualStudioVersion = 10.0.40219.1
Project("{FAE04EC0-301F-11D3-BF4B-00C04F79EFBC}") = "20210816_InterfaceFigure", "20210816_InterfaceFigure\20210816_InterfaceFigure.csproj", "{E399B36E-A44F-447D-9316-A31B95932B0A}"
EndProject
Global
	GlobalSection(SolutionConfigurationPlatforms) = preSolution
		Debug|Any CPU = Debug|Any CPU
		Release|Any CPU = Release|Any CPU
	EndGlobalSection
	GlobalSection(ProjectConfigurationPlatforms) = postSolution
		{E399B36E-A44F-447D-9316-A31B95932B0A}.Debug|Any CPU.ActiveCfg = Debug|Any CPU
		{E399B36E-A44F-447D-9316-A31B95932B0A}.Debug|Any CPU.Build.0 = Debug|Any CPU
		{E399B36E-A44F-447D-9316-A31B95932B0A}.Release|Any CPU.ActiveCfg = Release|Any CPU
		{E399B36E-A44F-447D-9316-A31B95932B0A}.Release|Any CPU.Build.0 = Release|Any CPU
	EndGlobalSection
	GlobalSection(SolutionProperties) = preSolution
		HideSolutionNode = FALSE
	EndGlobalSection
	GlobalSection(ExtensibilityGlobals) = postSolution
		SolutionGuid = {91FC4E0C-CA66-41F9-9B3A-68AFAA53B3BB}
	EndGlobalSection
EndGlobal
